# THIS IS AN AUTOGENERATED FILE. DO NOT EDIT THIS FILE DIRECTLY.
# yarn lockfile v1


"@playwright/test@1.27.0":
  version "1.27.0"
  resolved "https://registry.yarnpkg.com/@playwright/test/-/test-1.27.0.tgz#a5327a4823837a718ae6fad9b1e5ff520927e834"
  integrity sha512-L4BswoJvGkFsEHhEgzVNHBnkFB1FbnBQn3QmvTl7+AouoJQ4a8tLwZKvytdovCsNi7B5cXuRo58yGvfM5PnExw==
  dependencies:
    "@types/node" "*"
    playwright-core "1.27.0"

"@types/node@*":
  version "20.8.10"
  resolved "https://registry.yarnpkg.com/@types/node/-/node-20.8.10.tgz#a5448b895c753ae929c26ce85cab557c6d4a365e"
  integrity sha512-TlgT8JntpcbmKUFzjhsyhGfP2fsiz1Mv56im6enJ905xG1DAYesxJaeSbGqQmAw8OWPdhyJGhGSQGKRNJ45u9w==
  dependencies:
    undici-types "~5.26.4"

dotenv@16.0.0:
  version "16.0.0"
  resolved "https://registry.yarnpkg.com/dotenv/-/dotenv-16.0.0.tgz#c619001253be89ebb638d027b609c75c26e47411"
  integrity sha512-qD9WU0MPM4SWLPJy/r2Be+2WgQj8plChsyrCNQzW/0WjvcJQiKQJ9mH3ZgB3fxbUUxgc/11ZJ0Fi5KiimWGz2Q==

playwright-core@1.27.0:
  version "1.27.0"
  resolved "https://registry.yarnpkg.com/playwright-core/-/playwright-core-1.27.0.tgz#e5f9d2bc19ebdd9581a01e74f019bb91aa7cf55d"
  integrity sha512-VBKaaFUVKDo3akW+o4DwbK1ZyXh46tcSwQKPK3lruh8IJd5feu55XVZx4vOkbb2uqrNdIF51sgsadYT533SdpA==

undici-types@~5.26.4:
  version "5.26.5"
  resolved "https://registry.yarnpkg.com/undici-types/-/undici-types-5.26.5.tgz#bcd539893d00b56e964fd2657a4866b221a65617"
  integrity sha512-JlCMO+ehdEIKqlFxk6IfVoAUVmgz7cU7zD/h9XZ0qzeosSHmUJVOzSQvvYSYWXkFXC+IfLKSIffhv0sVZup6pA==
